
Microsoft Visual Studio Solution File, Format Version 12.00
# Visual Studio Version 17
VisualStudioVersion = 17.10.35013.160
MinimumVisualStudioVersion = 10.0.40219.1
Project("{9A19103F-16F7-4668-BE54-9A1E7A4F7556}") = "SchemaPal", "SchemaPal\SchemaPal.csproj", "{FC0836E5-DE76-4F3A-B190-75A016AC394C}"
EndProject
Project("{9A19103F-16F7-4668-BE54-9A1E7A4F7556}") = "SchemaPal.UnitTests", "SchemaPal.Tests\SchemaPal.UnitTests.csproj", "{559D3ADC-B1A3-4AD9-964E-067818440ADB}"
EndProject
Project("{9A19103F-16F7-4668-BE54-9A1E7A4F7556}") = "SchemaPal.IntegrationTests", "SchemaPal.IntegrationTests\SchemaPal.IntegrationTests.csproj", "{1133B4D5-4ECD-4485-B697-5AAAF2328C25}"
EndProject
Global
	GlobalSection(SolutionConfigurationPlatforms) = preSolution
		Debug|Any CPU = Debug|Any CPU
		Release|Any CPU = Release|Any CPU
	EndGlobalSection
	GlobalSection(ProjectConfigurationPlatforms) = postSolution
		{FC0836E5-DE76-4F3A-B190-75A016AC394C}.Debug|Any CPU.ActiveCfg = Debug|Any CPU
		{FC0836E5-DE76-4F3A-B190-75A016AC394C}.Debug|Any CPU.Build.0 = Debug|Any CPU
		{FC0836E5-DE76-4F3A-B190-75A016AC394C}.Release|Any CPU.ActiveCfg = Release|Any CPU
		{FC0836E5-DE76-4F3A-B190-75A016AC394C}.Release|Any CPU.Build.0 = Release|Any CPU
		{559D3ADC-B1A3-4AD9-964E-067818440ADB}.Debug|Any CPU.ActiveCfg = Debug|Any CPU
		{559D3ADC-B1A3-4AD9-964E-067818440ADB}.Debug|Any CPU.Build.0 = Debug|Any CPU
		{559D3ADC-B1A3-4AD9-964E-067818440ADB}.Release|Any CPU.ActiveCfg = Release|Any CPU
		{559D3ADC-B1A3-4AD9-964E-067818440ADB}.Release|Any CPU.Build.0 = Release|Any CPU
		{1133B4D5-4ECD-4485-B697-5AAAF2328C25}.Debug|Any CPU.ActiveCfg = Debug|Any CPU
		{1133B4D5-4ECD-4485-B697-5AAAF2328C25}.Debug|Any CPU.Build.0 = Debug|Any CPU
		{1133B4D5-4ECD-4485-B697-5AAAF2328C25}.Release|Any CPU.ActiveCfg = Release|Any CPU
		{1133B4D5-4ECD-4485-B697-5AAAF2328C25}.Release|Any CPU.Build.0 = Release|Any CPU
	EndGlobalSection
	GlobalSection(SolutionProperties) = preSolution
		HideSolutionNode = FALSE
	EndGlobalSection
	GlobalSection(ExtensibilityGlobals) = postSolution
		SolutionGuid = {25C993EB-175D-4DF1-8EE9-897A7226FCDC}
	EndGlobalSection
EndGlobal
